
Microsoft Visual Studio Solution File, Format Version 12.00
# Visual Studio Version 16
VisualStudioVersion = 16.0.29521.150
MinimumVisualStudioVersion = 10.0.40219.1
Project("{E24C65DC-7377-472B-9ABA-BC803B73C61A}") = "ngAprese", "ngAprese\", "{170F33BB-D1C1-4AF7-A064-D51C3F6BBC34}"
	ProjectSection(WebsiteProperties) = preProject
		TargetFrameworkMoniker = ".NETFramework,Version%3Dv4.0"
		Debug.AspNetCompiler.VirtualPath = "/localhost_64738"
		Debug.AspNetCompiler.PhysicalPath = "ngAprese\"
		Debug.AspNetCompiler.TargetPath = "PrecompiledWeb\localhost_64738\"
		Debug.AspNetCompiler.Updateable = "true"
		Debug.AspNetCompiler.ForceOverwrite = "true"
		Debug.AspNetCompiler.FixedNames = "false"
		Debug.AspNetCompiler.Debug = "True"
		Release.AspNetCompiler.VirtualPath = "/localhost_64738"
		Release.AspNetCompiler.PhysicalPath = "ngAprese\"
		Release.AspNetCompiler.TargetPath = "PrecompiledWeb\localhost_64738\"
		Release.AspNetCompiler.Updateable = "true"
		Release.AspNetCompiler.ForceOverwrite = "true"
		Release.AspNetCompiler.FixedNames = "false"
		Release.AspNetCompiler.Debug = "False"
		VWDPort = "64738"
		SlnRelativePath = "ngAprese\"
	EndProjectSection
EndProject
Project("{FAE04EC0-301F-11D3-BF4B-00C04F79EFBC}") = "Aprese.WebAPI", "Aprese.WebAPI\Aprese.WebAPI.csproj", "{0401559C-96A7-4C39-86C2-81F2B1663DB6}"
EndProject
Global
	GlobalSection(SolutionConfigurationPlatforms) = preSolution
		Debug|Any CPU = Debug|Any CPU
		Release|Any CPU = Release|Any CPU
	EndGlobalSection
	GlobalSection(ProjectConfigurationPlatforms) = postSolution
		{170F33BB-D1C1-4AF7-A064-D51C3F6BBC34}.Debug|Any CPU.ActiveCfg = Debug|Any CPU
		{170F33BB-D1C1-4AF7-A064-D51C3F6BBC34}.Debug|Any CPU.Build.0 = Debug|Any CPU
		{170F33BB-D1C1-4AF7-A064-D51C3F6BBC34}.Release|Any CPU.ActiveCfg = Debug|Any CPU
		{170F33BB-D1C1-4AF7-A064-D51C3F6BBC34}.Release|Any CPU.Build.0 = Debug|Any CPU
		{0401559C-96A7-4C39-86C2-81F2B1663DB6}.Debug|Any CPU.ActiveCfg = Debug|Any CPU
		{0401559C-96A7-4C39-86C2-81F2B1663DB6}.Debug|Any CPU.Build.0 = Debug|Any CPU
		{0401559C-96A7-4C39-86C2-81F2B1663DB6}.Release|Any CPU.ActiveCfg = Release|Any CPU
		{0401559C-96A7-4C39-86C2-81F2B1663DB6}.Release|Any CPU.Build.0 = Release|Any CPU
	EndGlobalSection
	GlobalSection(SolutionProperties) = preSolution
		HideSolutionNode = FALSE
	EndGlobalSection
	GlobalSection(ExtensibilityGlobals) = postSolution
		SolutionGuid = {A9CD4A4D-4CA3-420C-9C1C-D42FB01D5016}
	EndGlobalSection
EndGlobal
