
Microsoft Visual Studio Solution File, Format Version 12.00
# Visual Studio Version 16
VisualStudioVersion = 16.0.29521.150
MinimumVisualStudioVersion = 10.0.40219.1
Project("{9A19103F-16F7-4668-BE54-9A1E7A4F7556}") = "Aprese.WebAPI", "Aprese.WebAPI\Aprese.WebAPI.csproj", "{0401559C-96A7-4C39-86C2-81F2B1663DB6}"
EndProject
Project("{E24C65DC-7377-472B-9ABA-BC803B73C61A}") = "ngAprese", "ngAprese\", "{170F33BB-D1C1-4AF7-A064-D51C3F6BBC34}"
	ProjectSection(WebsiteProperties) = preProject
		TargetFrameworkMoniker = ".NETFramework,Version%3Dv4.0"
		Debug.AspNetCompiler.VirtualPath = "/localhost_64738"
		Debug.AspNetCompiler.PhysicalPath = "ngAprese\"
		Debug.AspNetCompiler.TargetPath = "PrecompiledWeb\localhost_64738\"
		Debug.AspNetCompiler.Updateable = "true"
		Debug.AspNetCompiler.ForceOverwrite = "true"
		Debug.AspNetCompiler.FixedNames = "false"
		Debug.AspNetCompiler.Debug = "True"
		Release.AspNetCompiler.VirtualPath = "/localhost_64738"
		Release.AspNetCompiler.PhysicalPath = "ngAprese\"
		Release.AspNetCompiler.TargetPath = "PrecompiledWeb\localhost_64738\"
		Release.AspNetCompiler.Updateable = "true"
		Release.AspNetCompiler.ForceOverwrite = "true"
		Release.AspNetCompiler.FixedNames = "false"
		Release.AspNetCompiler.Debug = "False"
		VWDPort = "64738"
		SlnRelativePath = "ngAprese\"
	EndProjectSection
EndProject
Project("{9A19103F-16F7-4668-BE54-9A1E7A4F7556}") = "Aprese.Models", "Aprese.Models\Aprese.Models.csproj", "{D5A7D6C7-F1DB-42FF-BA56-E83AD0950B46}"
EndProject
Project("{2150E333-8FDC-42A3-9474-1A3956D46DE8}") = "Web", "Web", "{AA2BEB9F-425F-43A1-8972-466D26F650DE}"
EndProject
Project("{9A19103F-16F7-4668-BE54-9A1E7A4F7556}") = "Aprese.Repository", "Aprese.Repository\Aprese.Repository.csproj", "{5FE038D6-E17B-4D37-8887-DEA59F21E375}"
EndProject
Project("{2150E333-8FDC-42A3-9474-1A3956D46DE8}") = "Repository", "Repository", "{29527A17-5748-4ACC-AFE9-4BECAB5A5A20}"
EndProject
Project("{2150E333-8FDC-42A3-9474-1A3956D46DE8}") = "Extensions", "Extensions", "{FA32BA4F-8A81-4C2A-81F3-67E13EBB7265}"
EndProject
Project("{9A19103F-16F7-4668-BE54-9A1E7A4F7556}") = "Aprese.Extensions", "Aprese.Extensions\Aprese.Extensions.csproj", "{B7E91D6F-3A92-42A7-8B41-4AEFB4F88D67}"
EndProject
Project("{9A19103F-16F7-4668-BE54-9A1E7A4F7556}") = "Aprese.Events", "Aprese.Events\Aprese.Events.csproj", "{9236CB92-2542-4A69-A5D6-0F21D3257293}"
EndProject
Project("{9A19103F-16F7-4668-BE54-9A1E7A4F7556}") = "Aprese.Rules", "Aprese.Rules\Aprese.Rules.csproj", "{A543DC5E-8783-4FEE-BEAF-BE00FC556ADA}"
EndProject
Project("{9A19103F-16F7-4668-BE54-9A1E7A4F7556}") = "Aprese.DependencyInjection", "Aprese.DependencyInjection\Aprese.DependencyInjection.csproj", "{3CB4FC5F-0AE1-4C5A-A94A-389ABA086A4C}"
EndProject
Project("{2150E333-8FDC-42A3-9474-1A3956D46DE8}") = "Models", "Models", "{6E8728B3-299A-4B90-927F-7D2E01D1FCE1}"
EndProject
Project("{FAE04EC0-301F-11D3-BF4B-00C04F79EFBC}") = "Aprese.ViewModels", "Aprese.ViewModels\Aprese.ViewModels.csproj", "{83F8DC56-0A47-4700-84FB-EAA407D29B9B}"
EndProject
Project("{FAE04EC0-301F-11D3-BF4B-00C04F79EFBC}") = "Aprese.Security", "Aprese.Security\Aprese.Security.csproj", "{7F785C19-9E60-48EC-95B4-5C2CF439A76D}"
EndProject
Global
	GlobalSection(SolutionConfigurationPlatforms) = preSolution
		Debug|Any CPU = Debug|Any CPU
		Release|Any CPU = Release|Any CPU
	EndGlobalSection
	GlobalSection(ProjectConfigurationPlatforms) = postSolution
		{0401559C-96A7-4C39-86C2-81F2B1663DB6}.Debug|Any CPU.ActiveCfg = Debug|Any CPU
		{0401559C-96A7-4C39-86C2-81F2B1663DB6}.Debug|Any CPU.Build.0 = Debug|Any CPU
		{0401559C-96A7-4C39-86C2-81F2B1663DB6}.Release|Any CPU.ActiveCfg = Release|Any CPU
		{0401559C-96A7-4C39-86C2-81F2B1663DB6}.Release|Any CPU.Build.0 = Release|Any CPU
		{170F33BB-D1C1-4AF7-A064-D51C3F6BBC34}.Debug|Any CPU.ActiveCfg = Debug|Any CPU
		{170F33BB-D1C1-4AF7-A064-D51C3F6BBC34}.Release|Any CPU.ActiveCfg = Debug|Any CPU
		{170F33BB-D1C1-4AF7-A064-D51C3F6BBC34}.Release|Any CPU.Build.0 = Debug|Any CPU
		{D5A7D6C7-F1DB-42FF-BA56-E83AD0950B46}.Debug|Any CPU.ActiveCfg = Debug|Any CPU
		{D5A7D6C7-F1DB-42FF-BA56-E83AD0950B46}.Debug|Any CPU.Build.0 = Debug|Any CPU
		{D5A7D6C7-F1DB-42FF-BA56-E83AD0950B46}.Release|Any CPU.ActiveCfg = Release|Any CPU
		{D5A7D6C7-F1DB-42FF-BA56-E83AD0950B46}.Release|Any CPU.Build.0 = Release|Any CPU
		{5FE038D6-E17B-4D37-8887-DEA59F21E375}.Debug|Any CPU.ActiveCfg = Debug|Any CPU
		{5FE038D6-E17B-4D37-8887-DEA59F21E375}.Debug|Any CPU.Build.0 = Debug|Any CPU
		{5FE038D6-E17B-4D37-8887-DEA59F21E375}.Release|Any CPU.ActiveCfg = Release|Any CPU
		{5FE038D6-E17B-4D37-8887-DEA59F21E375}.Release|Any CPU.Build.0 = Release|Any CPU
		{B7E91D6F-3A92-42A7-8B41-4AEFB4F88D67}.Debug|Any CPU.ActiveCfg = Debug|Any CPU
		{B7E91D6F-3A92-42A7-8B41-4AEFB4F88D67}.Debug|Any CPU.Build.0 = Debug|Any CPU
		{B7E91D6F-3A92-42A7-8B41-4AEFB4F88D67}.Release|Any CPU.ActiveCfg = Release|Any CPU
		{B7E91D6F-3A92-42A7-8B41-4AEFB4F88D67}.Release|Any CPU.Build.0 = Release|Any CPU
		{9236CB92-2542-4A69-A5D6-0F21D3257293}.Debug|Any CPU.ActiveCfg = Debug|Any CPU
		{9236CB92-2542-4A69-A5D6-0F21D3257293}.Debug|Any CPU.Build.0 = Debug|Any CPU
		{9236CB92-2542-4A69-A5D6-0F21D3257293}.Release|Any CPU.ActiveCfg = Release|Any CPU
		{9236CB92-2542-4A69-A5D6-0F21D3257293}.Release|Any CPU.Build.0 = Release|Any CPU
		{A543DC5E-8783-4FEE-BEAF-BE00FC556ADA}.Debug|Any CPU.ActiveCfg = Debug|Any CPU
		{A543DC5E-8783-4FEE-BEAF-BE00FC556ADA}.Debug|Any CPU.Build.0 = Debug|Any CPU
		{A543DC5E-8783-4FEE-BEAF-BE00FC556ADA}.Release|Any CPU.ActiveCfg = Release|Any CPU
		{A543DC5E-8783-4FEE-BEAF-BE00FC556ADA}.Release|Any CPU.Build.0 = Release|Any CPU
		{3CB4FC5F-0AE1-4C5A-A94A-389ABA086A4C}.Debug|Any CPU.ActiveCfg = Debug|Any CPU
		{3CB4FC5F-0AE1-4C5A-A94A-389ABA086A4C}.Debug|Any CPU.Build.0 = Debug|Any CPU
		{3CB4FC5F-0AE1-4C5A-A94A-389ABA086A4C}.Release|Any CPU.ActiveCfg = Release|Any CPU
		{3CB4FC5F-0AE1-4C5A-A94A-389ABA086A4C}.Release|Any CPU.Build.0 = Release|Any CPU
		{83F8DC56-0A47-4700-84FB-EAA407D29B9B}.Debug|Any CPU.ActiveCfg = Debug|Any CPU
		{83F8DC56-0A47-4700-84FB-EAA407D29B9B}.Debug|Any CPU.Build.0 = Debug|Any CPU
		{83F8DC56-0A47-4700-84FB-EAA407D29B9B}.Release|Any CPU.ActiveCfg = Release|Any CPU
		{83F8DC56-0A47-4700-84FB-EAA407D29B9B}.Release|Any CPU.Build.0 = Release|Any CPU
		{7F785C19-9E60-48EC-95B4-5C2CF439A76D}.Debug|Any CPU.ActiveCfg = Debug|Any CPU
		{7F785C19-9E60-48EC-95B4-5C2CF439A76D}.Debug|Any CPU.Build.0 = Debug|Any CPU
		{7F785C19-9E60-48EC-95B4-5C2CF439A76D}.Release|Any CPU.ActiveCfg = Release|Any CPU
		{7F785C19-9E60-48EC-95B4-5C2CF439A76D}.Release|Any CPU.Build.0 = Release|Any CPU
	EndGlobalSection
	GlobalSection(SolutionProperties) = preSolution
		HideSolutionNode = FALSE
	EndGlobalSection
	GlobalSection(NestedProjects) = preSolution
		{0401559C-96A7-4C39-86C2-81F2B1663DB6} = {AA2BEB9F-425F-43A1-8972-466D26F650DE}
		{170F33BB-D1C1-4AF7-A064-D51C3F6BBC34} = {AA2BEB9F-425F-43A1-8972-466D26F650DE}
		{D5A7D6C7-F1DB-42FF-BA56-E83AD0950B46} = {6E8728B3-299A-4B90-927F-7D2E01D1FCE1}
		{5FE038D6-E17B-4D37-8887-DEA59F21E375} = {29527A17-5748-4ACC-AFE9-4BECAB5A5A20}
		{B7E91D6F-3A92-42A7-8B41-4AEFB4F88D67} = {FA32BA4F-8A81-4C2A-81F3-67E13EBB7265}
		{9236CB92-2542-4A69-A5D6-0F21D3257293} = {29527A17-5748-4ACC-AFE9-4BECAB5A5A20}
		{A543DC5E-8783-4FEE-BEAF-BE00FC556ADA} = {29527A17-5748-4ACC-AFE9-4BECAB5A5A20}
		{3CB4FC5F-0AE1-4C5A-A94A-389ABA086A4C} = {FA32BA4F-8A81-4C2A-81F3-67E13EBB7265}
		{83F8DC56-0A47-4700-84FB-EAA407D29B9B} = {6E8728B3-299A-4B90-927F-7D2E01D1FCE1}
		{7F785C19-9E60-48EC-95B4-5C2CF439A76D} = {FA32BA4F-8A81-4C2A-81F3-67E13EBB7265}
	EndGlobalSection
	GlobalSection(ExtensibilityGlobals) = postSolution
		SolutionGuid = {A9CD4A4D-4CA3-420C-9C1C-D42FB01D5016}
	EndGlobalSection
EndGlobal
